// !$*UTF8*$!
{
	archiveVersion = 1;
	classes = {
	};
	objectVersion = 46;
	objects = {

/* Begin PBXBuildFile section */
		EFC92F8E1BF2D8C10093DFDE /* AppDelegate.swift in Sources */ = {isa = PBXBuildFile; fileRef = EFC92F8D1BF2D8C10093DFDE /* AppDelegate.swift */; };
		EFC92F901BF2D8C10093DFDE /* FirstViewController.swift in Sources */ = {isa = PBXBuildFile; fileRef = EFC92F8F1BF2D8C10093DFDE /* FirstViewController.swift */; };
		EFC92F921BF2D8C10093DFDE /* SecondViewController.swift in Sources */ = {isa = PBXBuildFile; fileRef = EFC92F911BF2D8C10093DFDE /* SecondViewController.swift */; };
		EFC92F951BF2D8C10093DFDE /* Main.storyboard in Resources */ = {isa = PBXBuildFile; fileRef = EFC92F931BF2D8C10093DFDE /* Main.storyboard */; };
		EFC92F971BF2D8C10093DFDE /* Assets.xcassets in Resources */ = {isa = PBXBuildFile; fileRef = EFC92F961BF2D8C10093DFDE /* Assets.xcassets */; };
		EFC92F9A1BF2D8C10093DFDE /* LaunchScreen.storyboard in Resources */ = {isa = PBXBuildFile; fileRef = EFC92F981BF2D8C10093DFDE /* LaunchScreen.storyboard */; };
		EFC92FA21BF3A5B50093DFDE /* CoreLocation.framework in Frameworks */ = {isa = PBXBuildFile; fileRef = EFC92FA11BF3A5B50093DFDE /* CoreLocation.framework */; };
		EFC92FA41BFBA98B0093DFDE /* CollectionViewCell.swift in Sources */ = {isa = PBXBuildFile; fileRef = EFC92FA31BFBA98B0093DFDE /* CollectionViewCell.swift */; };
		EFC92FA61BFBA9DE0093DFDE /* MapViewController.swift in Sources */ = {isa = PBXBuildFile; fileRef = EFC92FA51BFBA9DE0093DFDE /* MapViewController.swift */; };
		EFC92FAA1BFE294A0093DFDE /* ExampleJsonFile.swift in Sources */ = {isa = PBXBuildFile; fileRef = EFC92FA91BFE294A0093DFDE /* ExampleJsonFile.swift */; };
		EFC92FAB1BFE375F0093DFDE /* ShowViewController.swift in Sources */ = {isa = PBXBuildFile; fileRef = EFC92FA71BFBA9FC0093DFDE /* ShowViewController.swift */; };
/* End PBXBuildFile section */

/* Begin PBXFileReference section */
		EFC92F8A1BF2D8C10093DFDE /* SmallSpaces.app */ = {isa = PBXFileReference; explicitFileType = wrapper.application; includeInIndex = 0; path = SmallSpaces.app; sourceTree = BUILT_PRODUCTS_DIR; };
		EFC92F8D1BF2D8C10093DFDE /* AppDelegate.swift */ = {isa = PBXFileReference; lastKnownFileType = sourcecode.swift; path = AppDelegate.swift; sourceTree = "<group>"; };
		EFC92F8F1BF2D8C10093DFDE /* FirstViewController.swift */ = {isa = PBXFileReference; lastKnownFileType = sourcecode.swift; path = FirstViewController.swift; sourceTree = "<group>"; };
		EFC92F911BF2D8C10093DFDE /* SecondViewController.swift */ = {isa = PBXFileReference; lastKnownFileType = sourcecode.swift; path = SecondViewController.swift; sourceTree = "<group>"; };
		EFC92F941BF2D8C10093DFDE /* Base */ = {isa = PBXFileReference; lastKnownFileType = file.storyboard; name = Base; path = Base.lproj/Main.storyboard; sourceTree = "<group>"; };
		EFC92F961BF2D8C10093DFDE /* Assets.xcassets */ = {isa = PBXFileReference; lastKnownFileType = folder.assetcatalog; path = Assets.xcassets; sourceTree = "<group>"; };
		EFC92F991BF2D8C10093DFDE /* Base */ = {isa = PBXFileReference; lastKnownFileType = file.storyboard; name = Base; path = Base.lproj/LaunchScreen.storyboard; sourceTree = "<group>"; };
		EFC92F9B1BF2D8C10093DFDE /* Info.plist */ = {isa = PBXFileReference; lastKnownFileType = text.plist.xml; path = Info.plist; sourceTree = "<group>"; };
		EFC92FA11BF3A5B50093DFDE /* CoreLocation.framework */ = {isa = PBXFileReference; lastKnownFileType = wrapper.framework; name = CoreLocation.framework; path = System/Library/Frameworks/CoreLocation.framework; sourceTree = SDKROOT; };
		EFC92FA31BFBA98B0093DFDE /* CollectionViewCell.swift */ = {isa = PBXFileReference; fileEncoding = 4; lastKnownFileType = sourcecode.swift; path = CollectionViewCell.swift; sourceTree = "<group>"; };
		EFC92FA51BFBA9DE0093DFDE /* MapViewController.swift */ = {isa = PBXFileReference; fileEncoding = 4; lastKnownFileType = sourcecode.swift; path = MapViewController.swift; sourceTree = "<group>"; };
		EFC92FA71BFBA9FC0093DFDE /* ShowViewController.swift */ = {isa = PBXFileReference; fileEncoding = 4; lastKnownFileType = sourcecode.swift; path = ShowViewController.swift; sourceTree = "<group>"; };
		EFC92FA91BFE294A0093DFDE /* ExampleJsonFile.swift */ = {isa = PBXFileReference; fileEncoding = 4; lastKnownFileType = sourcecode.swift; path = ExampleJsonFile.swift; sourceTree = "<group>"; };
/* End PBXFileReference section */

/* Begin PBXFrameworksBuildPhase section */
		EFC92F871BF2D8C10093DFDE /* Frameworks */ = {
			isa = PBXFrameworksBuildPhase;
			buildActionMask = 2147483647;
			files = (
				EFC92FA21BF3A5B50093DFDE /* CoreLocation.framework in Frameworks */,
			);
			runOnlyForDeploymentPostprocessing = 0;
		};
/* End PBXFrameworksBuildPhase section */

/* Begin PBXGroup section */
		EFC92F811BF2D8C10093DFDE = {
			isa = PBXGroup;
			children = (
				EFC92FA11BF3A5B50093DFDE /* CoreLocation.framework */,
				EFC92F8C1BF2D8C10093DFDE /* SmallSpaceLayette */,
				EFC92F8B1BF2D8C10093DFDE /* Products */,
			);
			sourceTree = "<group>";
		};
		EFC92F8B1BF2D8C10093DFDE /* Products */ = {
			isa = PBXGroup;
			children = (
				EFC92F8A1BF2D8C10093DFDE /* SmallSpaces.app */,
			);
			name = Products;
			sourceTree = "<group>";
		};
		EFC92F8C1BF2D8C10093DFDE /* SmallSpaceLayette */ = {
			isa = PBXGroup;
			children = (
				EFC92F8D1BF2D8C10093DFDE /* AppDelegate.swift */,
				EFC92FA91BFE294A0093DFDE /* ExampleJsonFile.swift */,
				EFC92FA31BFBA98B0093DFDE /* CollectionViewCell.swift */,
				EFC92FA51BFBA9DE0093DFDE /* MapViewController.swift */,
				EFC92F8F1BF2D8C10093DFDE /* FirstViewController.swift */,
				EFC92F911BF2D8C10093DFDE /* SecondViewController.swift */,
				EFC92FA71BFBA9FC0093DFDE /* ShowViewController.swift */,
				EFC92F931BF2D8C10093DFDE /* Main.storyboard */,
				EFC92F961BF2D8C10093DFDE /* Assets.xcassets */,
				EFC92F981BF2D8C10093DFDE /* LaunchScreen.storyboard */,
				EFC92F9B1BF2D8C10093DFDE /* Info.plist */,
			);
			path = SmallSpaceLayette;
			sourceTree = "<group>";
		};
/* End PBXGroup section */

/* Begin PBXNativeTarget section */
		EFC92F891BF2D8C10093DFDE /* SmallSpaces */ = {
			isa = PBXNativeTarget;
			buildConfigurationList = EFC92F9E1BF2D8C10093DFDE /* Build configuration list for PBXNativeTarget "SmallSpaces" */;
			buildPhases = (
				EFC92F861BF2D8C10093DFDE /* Sources */,
				EFC92F871BF2D8C10093DFDE /* Frameworks */,
				EFC92F881BF2D8C10093DFDE /* Resources */,
			);
			buildRules = (
			);
			dependencies = (
			);
			name = SmallSpaces;
			productName = SmallSpaceLayette;
			productReference = EFC92F8A1BF2D8C10093DFDE /* SmallSpaces.app */;
			productType = "com.apple.product-type.application";
		};
/* End PBXNativeTarget section */

/* Begin PBXProject section */
		EFC92F821BF2D8C10093DFDE /* Project object */ = {
			isa = PBXProject;
			attributes = {
				LastUpgradeCheck = 0710;
				ORGANIZATIONNAME = ENGL108;
				TargetAttributes = {
					EFC92F891BF2D8C10093DFDE = {
						CreatedOnToolsVersion = 7.1;
						DevelopmentTeam = PM372Q4M55;
					};
				};
			};
			buildConfigurationList = EFC92F851BF2D8C10093DFDE /* Build configuration list for PBXProject "SmallSpaces" */;
			compatibilityVersion = "Xcode 3.2";
			developmentRegion = English;
			hasScannedForEncodings = 0;
			knownRegions = (
				en,
				Base,
			);
			mainGroup = EFC92F811BF2D8C10093DFDE;
			productRefGroup = EFC92F8B1BF2D8C10093DFDE /* Products */;
			projectDirPath = "";
			projectRoot = "";
			targets = (
				EFC92F891BF2D8C10093DFDE /* SmallSpaces */,
			);
		};
/* End PBXProject section */

/* Begin PBXResourcesBuildPhase section */
		EFC92F881BF2D8C10093DFDE /* Resources */ = {
			isa = PBXResourcesBuildPhase;
			buildActionMask = 2147483647;
			files = (
				EFC92F9A1BF2D8C10093DFDE /* LaunchScreen.storyboard in Resources */,
				EFC92F971BF2D8C10093DFDE /* Assets.xcassets in Resources */,
				EFC92F951BF2D8C10093DFDE /* Main.storyboard in Resources */,
			);
			runOnlyForDeploymentPostprocessing = 0;
		};
/* End PBXResourcesBuildPhase section */

/* Begin PBXSourcesBuildPhase section */
		EFC92F861BF2D8C10093DFDE /* Sources */ = {
			isa = PBXSourcesBuildPhase;
			buildActionMask = 2147483647;
			files = (
				EFC92FAB1BFE375F0093DFDE /* ShowViewController.swift in Sources */,
				EFC92F921BF2D8C10093DFDE /* SecondViewController.swift in Sources */,
				EFC92F8E1BF2D8C10093DFDE /* AppDelegate.swift in Sources */,
				EFC92FA41BFBA98B0093DFDE /* CollectionViewCell.swift in Sources */,
				EFC92FA61BFBA9DE0093DFDE /* MapViewController.swift in Sources */,
				EFC92FAA1BFE294A0093DFDE /* ExampleJsonFile.swift in Sources */,
				EFC92F901BF2D8C10093DFDE /* FirstViewController.swift in Sources */,
			);
			runOnlyForDeploymentPostprocessing = 0;
		};
/* End PBXSourcesBuildPhase section */

/* Begin PBXVariantGroup section */
		EFC92F931BF2D8C10093DFDE /* Main.storyboard */ = {
			isa = PBXVariantGroup;
			children = (
				EFC92F941BF2D8C10093DFDE /* Base */,
			);
			name = Main.storyboard;
			sourceTree = "<group>";
		};
		EFC92F981BF2D8C10093DFDE /* LaunchScreen.storyboard */ = {
			isa = PBXVariantGroup;
			children = (
				EFC92F991BF2D8C10093DFDE /* Base */,
			);
			name = LaunchScreen.storyboard;
			sourceTree = "<group>";
		};
/* End PBXVariantGroup section */

/* Begin XCBuildConfiguration section */
		EFC92F9C1BF2D8C10093DFDE /* Debug */ = {
			isa = XCBuildConfiguration;
			buildSettings = {
				ALWAYS_SEARCH_USER_PATHS = NO;
				CLANG_CXX_LANGUAGE_STANDARD = "gnu++0x";
				CLANG_CXX_LIBRARY = "libc++";
				CLANG_ENABLE_MODULES = YES;
				CLANG_ENABLE_OBJC_ARC = YES;
				CLANG_WARN_BOOL_CONVERSION = YES;
				CLANG_WARN_CONSTANT_CONVERSION = YES;
				CLANG_WARN_DIRECT_OBJC_ISA_USAGE = YES_ERROR;
				CLANG_WARN_EMPTY_BODY = YES;
				CLANG_WARN_ENUM_CONVERSION = YES;
				CLANG_WARN_INT_CONVERSION = YES;
				CLANG_WARN_OBJC_ROOT_CLASS = YES_ERROR;
				CLANG_WARN_UNREACHABLE_CODE = YES;
				CLANG_WARN__DUPLICATE_METHOD_MATCH = YES;
				"CODE_SIGN_IDENTITY[sdk=iphoneos*]" = "iPhone Developer";
				COPY_PHASE_STRIP = NO;
				DEBUG_INFORMATION_FORMAT = dwarf;
				ENABLE_STRICT_OBJC_MSGSEND = YES;
				ENABLE_TESTABILITY = YES;
				GCC_C_LANGUAGE_STANDARD = gnu99;
				GCC_DYNAMIC_NO_PIC = NO;
				GCC_NO_COMMON_BLOCKS = YES;
				GCC_OPTIMIZATION_LEVEL = 0;
				GCC_PREPROCESSOR_DEFINITIONS = (
					"DEBUG=1",
					"$(inherited)",
				);
				GCC_WARN_64_TO_32_BIT_CONVERSION = YES;
				GCC_WARN_ABOUT_RETURN_TYPE = YES_ERROR;
				GCC_WARN_UNDECLARED_SELECTOR = YES;
				GCC_WARN_UNINITIALIZED_AUTOS = YES_AGGRESSIVE;
				GCC_WARN_UNUSED_FUNCTION = YES;
				GCC_WARN_UNUSED_VARIABLE = YES;
				IPHONEOS_DEPLOYMENT_TARGET = 9.1;
				MTL_ENABLE_DEBUG_INFO = YES;
				ONLY_ACTIVE_ARCH = YES;
				SDKROOT = iphoneos;
				SWIFT_OPTIMIZATION_LEVEL = "-Onone";
			};
			name = Debug;
		};
		EFC92F9D1BF2D8C10093DFDE /* Release */ = {
			isa = XCBuildConfiguration;
			buildSettings = {
				ALWAYS_SEARCH_USER_PATHS = NO;
				CLANG_CXX_LANGUAGE_STANDARD = "gnu++0x";
				CLANG_CXX_LIBRARY = "libc++";
				CLANG_ENABLE_MODULES = YES;
				CLANG_ENABLE_OBJC_ARC = YES;
				CLANG_WARN_BOOL_CONVERSION = YES;
				CLANG_WARN_CONSTANT_CONVERSION = YES;
				CLANG_WARN_DIRECT_OBJC_ISA_USAGE = YES_ERROR;
				CLANG_WARN_EMPTY_BODY = YES;
				CLANG_WARN_ENUM_CONVERSION = YES;
				CLANG_WARN_INT_CONVERSION = YES;
				CLANG_WARN_OBJC_ROOT_CLASS = YES_ERROR;
				CLANG_WARN_UNREACHABLE_CODE = YES;
				CLANG_WARN__DUPLICATE_METHOD_MATCH = YES;
				"CODE_SIGN_IDENTITY[sdk=iphoneos*]" = "iPhone Developer";
				COPY_PHASE_STRIP = NO;
				DEBUG_INFORMATION_FORMAT = "dwarf-with-dsym";
				ENABLE_NS_ASSERTIONS = NO;
				ENABLE_STRICT_OBJC_MSGSEND = YES;
				GCC_C_LANGUAGE_STANDARD = gnu99;
				GCC_NO_COMMON_BLOCKS = YES;
				GCC_WARN_64_TO_32_BIT_CONVERSION = YES;
				GCC_WARN_ABOUT_RETURN_TYPE = YES_ERROR;
				GCC_WARN_UNDECLARED_SELECTOR = YES;
				GCC_WARN_UNINITIALIZED_AUTOS = YES_AGGRESSIVE;
				GCC_WARN_UNUSED_FUNCTION = YES;
				GCC_WARN_UNUSED_VARIABLE = YES;
				IPHONEOS_DEPLOYMENT_TARGET = 9.1;
				MTL_ENABLE_DEBUG_INFO = NO;
				SDKROOT = iphoneos;
				VALIDATE_PRODUCT = YES;
			};
			name = Release;
		};
		EFC92F9F1BF2D8C10093DFDE /* Debug */ = {
			isa = XCBuildConfiguration;
			buildSettings = {
				ASSETCATALOG_COMPILER_APPICON_NAME = AppIcon;
				CODE_SIGN_IDENTITY = "iPhone Developer";
				INFOPLIST_FILE = SmallSpaceLayette/Info.plist;
				LD_RUNPATH_SEARCH_PATHS = "$(inherited) @executable_path/Frameworks";
				PRODUCT_BUNDLE_IDENTIFIER = com.ENGL108.SmallSpaces;
				PRODUCT_NAME = SmallSpaces;
				TARGETED_DEVICE_FAMILY = 1;
			};
			name = Debug;
		};
		EFC92FA01BF2D8C10093DFDE /* Release */ = {
			isa = XCBuildConfiguration;
			buildSettings = {
				ASSETCATALOG_COMPILER_APPICON_NAME = AppIcon;
				CODE_SIGN_IDENTITY = "iPhone Developer";
				INFOPLIST_FILE = SmallSpaceLayette/Info.plist;
				LD_RUNPATH_SEARCH_PATHS = "$(inherited) @executable_path/Frameworks";
				PRODUCT_BUNDLE_IDENTIFIER = com.ENGL108.SmallSpaces;
				PRODUCT_NAME = SmallSpaces;
				TARGETED_DEVICE_FAMILY = 1;
			};
			name = Release;
		};
/* End XCBuildConfiguration section */

/* Begin XCConfigurationList section */
		EFC92F851BF2D8C10093DFDE /* Build configuration list for PBXProject "SmallSpaces" */ = {
			isa = XCConfigurationList;
			buildConfigurations = (
				EFC92F9C1BF2D8C10093DFDE /* Debug */,
				EFC92F9D1BF2D8C10093DFDE /* Release */,
			);
			defaultConfigurationIsVisible = 0;
			defaultConfigurationName = Release;
		};
		EFC92F9E1BF2D8C10093DFDE /* Build configuration list for PBXNativeTarget "SmallSpaces" */ = {
			isa = XCConfigurationList;
			buildConfigurations = (
				EFC92F9F1BF2D8C10093DFDE /* Debug */,
				EFC92FA01BF2D8C10093DFDE /* Release */,
			);
			defaultConfigurationIsVisible = 0;
			defaultConfigurationName = Release;
		};
/* End XCConfigurationList section */
	};
	rootObject = EFC92F821BF2D8C10093DFDE /* Project object */;
}
